// !$*UTF8*$!
{
	archiveVersion = 1;
	classes = {
	};
	objectVersion = 56;
	objects = {

/* Begin PBXBuildFile section */
		9D1C61342B0251EB007BB7C7 /* TodayDetailsCardView.swift in Sources */ = {isa = PBXBuildFile; fileRef = 9D1C61332B0251EB007BB7C7 /* TodayDetailsCardView.swift */; };
		9D1C61362B02530F007BB7C7 /* Next5DaysView.swift in Sources */ = {isa = PBXBuildFile; fileRef = 9D1C61352B02530F007BB7C7 /* Next5DaysView.swift */; };
		9D1C61382B02566A007BB7C7 /* TodayEveryThreeHoursView.swift in Sources */ = {isa = PBXBuildFile; fileRef = 9D1C61372B02566A007BB7C7 /* TodayEveryThreeHoursView.swift */; };
		9D1C613B2B0264B0007BB7C7 /* IdentifiableError.swift in Sources */ = {isa = PBXBuildFile; fileRef = 9D1C613A2B0264B0007BB7C7 /* IdentifiableError.swift */; };
		9D1C613D2B026F62007BB7C7 /* WeatherAPITests.swift in Sources */ = {isa = PBXBuildFile; fileRef = 9D1C613C2B026F62007BB7C7 /* WeatherAPITests.swift */; };
		9D1C613F2B026FA3007BB7C7 /* WeatherViewModelTests.swift in Sources */ = {isa = PBXBuildFile; fileRef = 9D1C613E2B026FA3007BB7C7 /* WeatherViewModelTests.swift */; };
		9D1C61412B0270D9007BB7C7 /* ForecastAPITests.swift in Sources */ = {isa = PBXBuildFile; fileRef = 9D1C61402B0270D9007BB7C7 /* ForecastAPITests.swift */; };
		9D1C61432B0270F2007BB7C7 /* ForecastViewModelTests.swift in Sources */ = {isa = PBXBuildFile; fileRef = 9D1C61422B0270F2007BB7C7 /* ForecastViewModelTests.swift */; };
		9D1C61452B0271AC007BB7C7 /* GeocodingAPITests.swift in Sources */ = {isa = PBXBuildFile; fileRef = 9D1C61442B0271AC007BB7C7 /* GeocodingAPITests.swift */; };
		9D1C61472B0271D3007BB7C7 /* LocationViewModelTests.swift in Sources */ = {isa = PBXBuildFile; fileRef = 9D1C61462B0271D3007BB7C7 /* LocationViewModelTests.swift */; };
		9D1C61492B027267007BB7C7 /* WeatherResponseTests.swift in Sources */ = {isa = PBXBuildFile; fileRef = 9D1C61482B027267007BB7C7 /* WeatherResponseTests.swift */; };
		9D1C614B2B027374007BB7C7 /* ForecastResponseTests.swift in Sources */ = {isa = PBXBuildFile; fileRef = 9D1C614A2B027374007BB7C7 /* ForecastResponseTests.swift */; };
		9D1C614D2B0273F4007BB7C7 /* GeocodedLocationTests.swift in Sources */ = {isa = PBXBuildFile; fileRef = 9D1C614C2B0273F4007BB7C7 /* GeocodedLocationTests.swift */; };
		9D1C61502B027E88007BB7C7 /* GeocodeCitySearchViewModel.swift in Sources */ = {isa = PBXBuildFile; fileRef = 9D1C614F2B027E88007BB7C7 /* GeocodeCitySearchViewModel.swift */; };
		9D1C61522B027EB6007BB7C7 /* GeocodeCity.swift in Sources */ = {isa = PBXBuildFile; fileRef = 9D1C61512B027EB6007BB7C7 /* GeocodeCity.swift */; };
		9D7A21A12AFF356E007966A0 /* roomvu_challenge_taskApp.swift in Sources */ = {isa = PBXBuildFile; fileRef = 9D7A21A02AFF356E007966A0 /* roomvu_challenge_taskApp.swift */; };
		9D7A21A52AFF356F007966A0 /* Assets.xcassets in Resources */ = {isa = PBXBuildFile; fileRef = 9D7A21A42AFF356F007966A0 /* Assets.xcassets */; };
		9D7A21A92AFF356F007966A0 /* Preview Assets.xcassets in Resources */ = {isa = PBXBuildFile; fileRef = 9D7A21A82AFF356F007966A0 /* Preview Assets.xcassets */; };
		9D7A21CD2AFF3761007966A0 /* Weather.swift in Sources */ = {isa = PBXBuildFile; fileRef = 9D7A21CC2AFF3761007966A0 /* Weather.swift */; };
		9D7A21CF2AFF376C007966A0 /* Forecast.swift in Sources */ = {isa = PBXBuildFile; fileRef = 9D7A21CE2AFF376C007966A0 /* Forecast.swift */; };
		9D7A21D22AFF37C8007966A0 /* WeatherAPI.swift in Sources */ = {isa = PBXBuildFile; fileRef = 9D7A21D12AFF37C8007966A0 /* WeatherAPI.swift */; };
		9D7A21DA2AFF3884007966A0 /* WeatherViewModel.swift in Sources */ = {isa = PBXBuildFile; fileRef = 9D7A21D92AFF3884007966A0 /* WeatherViewModel.swift */; };
		9D7A21DD2AFF397F007966A0 /* WeatherView.swift in Sources */ = {isa = PBXBuildFile; fileRef = 9D7A21DC2AFF397F007966A0 /* WeatherView.swift */; };
		9D7A21DF2AFF3993007966A0 /* ForecastRow.swift in Sources */ = {isa = PBXBuildFile; fileRef = 9D7A21DE2AFF3993007966A0 /* ForecastRow.swift */; };
		9D7A21E12AFF3AB3007966A0 /* ForecastViewModel.swift in Sources */ = {isa = PBXBuildFile; fileRef = 9D7A21E02AFF3AB3007966A0 /* ForecastViewModel.swift */; };
		9D7A21E32AFF4C1C007966A0 /* WeatherResponse.swift in Sources */ = {isa = PBXBuildFile; fileRef = 9D7A21E22AFF4C1C007966A0 /* WeatherResponse.swift */; };
		9D7A21E52AFF4C4A007966A0 /* Main.swift in Sources */ = {isa = PBXBuildFile; fileRef = 9D7A21E42AFF4C4A007966A0 /* Main.swift */; };
		9D7A21E72AFF4C60007966A0 /* WeatherData.swift in Sources */ = {isa = PBXBuildFile; fileRef = 9D7A21E62AFF4C60007966A0 /* WeatherData.swift */; };
		9D7A21E92AFF4C6D007966A0 /* Wind.swift in Sources */ = {isa = PBXBuildFile; fileRef = 9D7A21E82AFF4C6D007966A0 /* Wind.swift */; };
		9D7A21EB2AFF4C7C007966A0 /* ForecastResponse.swift in Sources */ = {isa = PBXBuildFile; fileRef = 9D7A21EA2AFF4C7C007966A0 /* ForecastResponse.swift */; };
		9D7A21ED2AFF4CA3007966A0 /* ForecastData.swift in Sources */ = {isa = PBXBuildFile; fileRef = 9D7A21EC2AFF4CA3007966A0 /* ForecastData.swift */; };
		9D7A21EF2AFF72E9007966A0 /* LocationViewModel.swift in Sources */ = {isa = PBXBuildFile; fileRef = 9D7A21EE2AFF72E9007966A0 /* LocationViewModel.swift */; };
		9D7A21F12AFF72F7007966A0 /* Location.swift in Sources */ = {isa = PBXBuildFile; fileRef = 9D7A21F02AFF72F7007966A0 /* Location.swift */; };
		9D7A21F32AFF73A3007966A0 /* GeocodedLocation.swift in Sources */ = {isa = PBXBuildFile; fileRef = 9D7A21F22AFF73A3007966A0 /* GeocodedLocation.swift */; };
		9D7A21F52AFF743B007966A0 /* GeocodingAPI.swift in Sources */ = {isa = PBXBuildFile; fileRef = 9D7A21F42AFF743B007966A0 /* GeocodingAPI.swift */; };
		9D7A21F82AFF74E2007966A0 /* API.swift in Sources */ = {isa = PBXBuildFile; fileRef = 9D7A21F72AFF74E2007966A0 /* API.swift */; };
		9D7A21FA2AFF7BF4007966A0 /* ContentView.swift in Sources */ = {isa = PBXBuildFile; fileRef = 9D7A21F92AFF7BF4007966A0 /* ContentView.swift */; };
		9D7A21FC2AFF7E5E007966A0 /* ForecastAPI.swift in Sources */ = {isa = PBXBuildFile; fileRef = 9D7A21FB2AFF7E5E007966A0 /* ForecastAPI.swift */; };
		9D7A21FE2AFF9BCB007966A0 /* Coord.swift in Sources */ = {isa = PBXBuildFile; fileRef = 9D7A21FD2AFF9BCB007966A0 /* Coord.swift */; };
		9D7A22002AFF9C03007966A0 /* Clouds.swift in Sources */ = {isa = PBXBuildFile; fileRef = 9D7A21FF2AFF9C03007966A0 /* Clouds.swift */; };
		9D7A22022AFF9C14007966A0 /* Sys.swift in Sources */ = {isa = PBXBuildFile; fileRef = 9D7A22012AFF9C14007966A0 /* Sys.swift */; };
		9D7A22042AFF9CB6007966A0 /* WeatherDetail.swift in Sources */ = {isa = PBXBuildFile; fileRef = 9D7A22032AFF9CB6007966A0 /* WeatherDetail.swift */; };
		9D7A22062AFF9DB9007966A0 /* Rain.swift in Sources */ = {isa = PBXBuildFile; fileRef = 9D7A22052AFF9DB9007966A0 /* Rain.swift */; };
		9D7A22082AFFA0DF007966A0 /* City.swift in Sources */ = {isa = PBXBuildFile; fileRef = 9D7A22072AFFA0DF007966A0 /* City.swift */; };
		9D7A220C2B020587007966A0 /* TodayView.swift in Sources */ = {isa = PBXBuildFile; fileRef = 9D7A220B2B020587007966A0 /* TodayView.swift */; };
		9D7A220E2B021484007966A0 /* PageView.swift in Sources */ = {isa = PBXBuildFile; fileRef = 9D7A220D2B021484007966A0 /* PageView.swift */; };
		9D7A22102B021AC3007966A0 /* SecondPageView.swift in Sources */ = {isa = PBXBuildFile; fileRef = 9D7A220F2B021AC3007966A0 /* SecondPageView.swift */; };
		9D7A22122B0223F0007966A0 /* TodayDetailCardView.swift in Sources */ = {isa = PBXBuildFile; fileRef = 9D7A22112B0223F0007966A0 /* TodayDetailCardView.swift */; };
		9D7A22142B023320007966A0 /* DayCardView.swift in Sources */ = {isa = PBXBuildFile; fileRef = 9D7A22132B023320007966A0 /* DayCardView.swift */; };
		9D7A22162B024285007966A0 /* SearchHistory.swift in Sources */ = {isa = PBXBuildFile; fileRef = 9D7A22152B024285007966A0 /* SearchHistory.swift */; };
/* End PBXBuildFile section */

/* Begin PBXContainerItemProxy section */
		9D7A21AF2AFF3570007966A0 /* PBXContainerItemProxy */ = {
			isa = PBXContainerItemProxy;
			containerPortal = 9D7A21952AFF356D007966A0 /* Project object */;
			proxyType = 1;
			remoteGlobalIDString = 9D7A219C2AFF356E007966A0;
			remoteInfo = "roomvu-challenge-task";
		};
/* End PBXContainerItemProxy section */

/* Begin PBXFileReference section */
		9D1C61332B0251EB007BB7C7 /* TodayDetailsCardView.swift */ = {isa = PBXFileReference; lastKnownFileType = sourcecode.swift; path = TodayDetailsCardView.swift; sourceTree = "<group>"; };
		9D1C61352B02530F007BB7C7 /* Next5DaysView.swift */ = {isa = PBXFileReference; lastKnownFileType = sourcecode.swift; path = Next5DaysView.swift; sourceTree = "<group>"; };
		9D1C61372B02566A007BB7C7 /* TodayEveryThreeHoursView.swift */ = {isa = PBXFileReference; lastKnownFileType = sourcecode.swift; path = TodayEveryThreeHoursView.swift; sourceTree = "<group>"; };
		9D1C61392B026159007BB7C7 /* Info.plist */ = {isa = PBXFileReference; lastKnownFileType = text.plist; path = Info.plist; sourceTree = "<group>"; };
		9D1C613A2B0264B0007BB7C7 /* IdentifiableError.swift */ = {isa = PBXFileReference; lastKnownFileType = sourcecode.swift; path = IdentifiableError.swift; sourceTree = "<group>"; };
		9D1C613C2B026F62007BB7C7 /* WeatherAPITests.swift */ = {isa = PBXFileReference; lastKnownFileType = sourcecode.swift; path = WeatherAPITests.swift; sourceTree = "<group>"; };
		9D1C613E2B026FA3007BB7C7 /* WeatherViewModelTests.swift */ = {isa = PBXFileReference; lastKnownFileType = sourcecode.swift; path = WeatherViewModelTests.swift; sourceTree = "<group>"; };
		9D1C61402B0270D9007BB7C7 /* ForecastAPITests.swift */ = {isa = PBXFileReference; lastKnownFileType = sourcecode.swift; path = ForecastAPITests.swift; sourceTree = "<group>"; };
		9D1C61422B0270F2007BB7C7 /* ForecastViewModelTests.swift */ = {isa = PBXFileReference; lastKnownFileType = sourcecode.swift; path = ForecastViewModelTests.swift; sourceTree = "<group>"; };
		9D1C61442B0271AC007BB7C7 /* GeocodingAPITests.swift */ = {isa = PBXFileReference; lastKnownFileType = sourcecode.swift; path = GeocodingAPITests.swift; sourceTree = "<group>"; };
		9D1C61462B0271D3007BB7C7 /* LocationViewModelTests.swift */ = {isa = PBXFileReference; lastKnownFileType = sourcecode.swift; path = LocationViewModelTests.swift; sourceTree = "<group>"; };
		9D1C61482B027267007BB7C7 /* WeatherResponseTests.swift */ = {isa = PBXFileReference; lastKnownFileType = sourcecode.swift; path = WeatherResponseTests.swift; sourceTree = "<group>"; };
		9D1C614A2B027374007BB7C7 /* ForecastResponseTests.swift */ = {isa = PBXFileReference; lastKnownFileType = sourcecode.swift; path = ForecastResponseTests.swift; sourceTree = "<group>"; };
		9D1C614C2B0273F4007BB7C7 /* GeocodedLocationTests.swift */ = {isa = PBXFileReference; lastKnownFileType = sourcecode.swift; path = GeocodedLocationTests.swift; sourceTree = "<group>"; };
		9D1C614E2B027650007BB7C7 /* ReadMe.md */ = {isa = PBXFileReference; lastKnownFileType = net.daringfireball.markdown; path = ReadMe.md; sourceTree = "<group>"; };
		9D1C614F2B027E88007BB7C7 /* GeocodeCitySearchViewModel.swift */ = {isa = PBXFileReference; lastKnownFileType = sourcecode.swift; path = GeocodeCitySearchViewModel.swift; sourceTree = "<group>"; };
		9D1C61512B027EB6007BB7C7 /* GeocodeCity.swift */ = {isa = PBXFileReference; lastKnownFileType = sourcecode.swift; path = GeocodeCity.swift; sourceTree = "<group>"; };
		9D7A219D2AFF356E007966A0 /* roomvu-challenge-task.app */ = {isa = PBXFileReference; explicitFileType = wrapper.application; includeInIndex = 0; path = "roomvu-challenge-task.app"; sourceTree = BUILT_PRODUCTS_DIR; };
		9D7A21A02AFF356E007966A0 /* roomvu_challenge_taskApp.swift */ = {isa = PBXFileReference; lastKnownFileType = sourcecode.swift; path = roomvu_challenge_taskApp.swift; sourceTree = "<group>"; };
		9D7A21A42AFF356F007966A0 /* Assets.xcassets */ = {isa = PBXFileReference; lastKnownFileType = folder.assetcatalog; path = Assets.xcassets; sourceTree = "<group>"; };
		9D7A21A62AFF356F007966A0 /* roomvu_challenge_task.entitlements */ = {isa = PBXFileReference; lastKnownFileType = text.plist.entitlements; path = roomvu_challenge_task.entitlements; sourceTree = "<group>"; };
		9D7A21A82AFF356F007966A0 /* Preview Assets.xcassets */ = {isa = PBXFileReference; lastKnownFileType = folder.assetcatalog; path = "Preview Assets.xcassets"; sourceTree = "<group>"; };
		9D7A21AE2AFF3570007966A0 /* roomvu-challenge-taskTests.xctest */ = {isa = PBXFileReference; explicitFileType = wrapper.cfbundle; includeInIndex = 0; path = "roomvu-challenge-taskTests.xctest"; sourceTree = BUILT_PRODUCTS_DIR; };
		9D7A21CC2AFF3761007966A0 /* Weather.swift */ = {isa = PBXFileReference; lastKnownFileType = sourcecode.swift; path = Weather.swift; sourceTree = "<group>"; };
		9D7A21CE2AFF376C007966A0 /* Forecast.swift */ = {isa = PBXFileReference; lastKnownFileType = sourcecode.swift; path = Forecast.swift; sourceTree = "<group>"; };
		9D7A21D12AFF37C8007966A0 /* WeatherAPI.swift */ = {isa = PBXFileReference; lastKnownFileType = sourcecode.swift; path = WeatherAPI.swift; sourceTree = "<group>"; };
		9D7A21D92AFF3884007966A0 /* WeatherViewModel.swift */ = {isa = PBXFileReference; lastKnownFileType = sourcecode.swift; path = WeatherViewModel.swift; sourceTree = "<group>"; };
		9D7A21DC2AFF397F007966A0 /* WeatherView.swift */ = {isa = PBXFileReference; lastKnownFileType = sourcecode.swift; path = WeatherView.swift; sourceTree = "<group>"; };
		9D7A21DE2AFF3993007966A0 /* ForecastRow.swift */ = {isa = PBXFileReference; lastKnownFileType = sourcecode.swift; path = ForecastRow.swift; sourceTree = "<group>"; };
		9D7A21E02AFF3AB3007966A0 /* ForecastViewModel.swift */ = {isa = PBXFileReference; lastKnownFileType = sourcecode.swift; path = ForecastViewModel.swift; sourceTree = "<group>"; };
		9D7A21E22AFF4C1C007966A0 /* WeatherResponse.swift */ = {isa = PBXFileReference; lastKnownFileType = sourcecode.swift; path = WeatherResponse.swift; sourceTree = "<group>"; };
		9D7A21E42AFF4C4A007966A0 /* Main.swift */ = {isa = PBXFileReference; lastKnownFileType = sourcecode.swift; path = Main.swift; sourceTree = "<group>"; };
		9D7A21E62AFF4C60007966A0 /* WeatherData.swift */ = {isa = PBXFileReference; lastKnownFileType = sourcecode.swift; path = WeatherData.swift; sourceTree = "<group>"; };
		9D7A21E82AFF4C6D007966A0 /* Wind.swift */ = {isa = PBXFileReference; lastKnownFileType = sourcecode.swift; path = Wind.swift; sourceTree = "<group>"; };
		9D7A21EA2AFF4C7C007966A0 /* ForecastResponse.swift */ = {isa = PBXFileReference; lastKnownFileType = sourcecode.swift; path = ForecastResponse.swift; sourceTree = "<group>"; };
		9D7A21EC2AFF4CA3007966A0 /* ForecastData.swift */ = {isa = PBXFileReference; lastKnownFileType = sourcecode.swift; path = ForecastData.swift; sourceTree = "<group>"; };
		9D7A21EE2AFF72E9007966A0 /* LocationViewModel.swift */ = {isa = PBXFileReference; lastKnownFileType = sourcecode.swift; path = LocationViewModel.swift; sourceTree = "<group>"; };
		9D7A21F02AFF72F7007966A0 /* Location.swift */ = {isa = PBXFileReference; lastKnownFileType = sourcecode.swift; path = Location.swift; sourceTree = "<group>"; };
		9D7A21F22AFF73A3007966A0 /* GeocodedLocation.swift */ = {isa = PBXFileReference; lastKnownFileType = sourcecode.swift; path = GeocodedLocation.swift; sourceTree = "<group>"; };
		9D7A21F42AFF743B007966A0 /* GeocodingAPI.swift */ = {isa = PBXFileReference; lastKnownFileType = sourcecode.swift; path = GeocodingAPI.swift; sourceTree = "<group>"; };
		9D7A21F72AFF74E2007966A0 /* API.swift */ = {isa = PBXFileReference; lastKnownFileType = sourcecode.swift; path = API.swift; sourceTree = "<group>"; };
		9D7A21F92AFF7BF4007966A0 /* ContentView.swift */ = {isa = PBXFileReference; fileEncoding = 4; lastKnownFileType = sourcecode.swift; path = ContentView.swift; sourceTree = "<group>"; };
		9D7A21FB2AFF7E5E007966A0 /* ForecastAPI.swift */ = {isa = PBXFileReference; lastKnownFileType = sourcecode.swift; path = ForecastAPI.swift; sourceTree = "<group>"; };
		9D7A21FD2AFF9BCB007966A0 /* Coord.swift */ = {isa = PBXFileReference; lastKnownFileType = sourcecode.swift; path = Coord.swift; sourceTree = "<group>"; };
		9D7A21FF2AFF9C03007966A0 /* Clouds.swift */ = {isa = PBXFileReference; lastKnownFileType = sourcecode.swift; path = Clouds.swift; sourceTree = "<group>"; };
		9D7A22012AFF9C14007966A0 /* Sys.swift */ = {isa = PBXFileReference; lastKnownFileType = sourcecode.swift; path = Sys.swift; sourceTree = "<group>"; };
		9D7A22032AFF9CB6007966A0 /* WeatherDetail.swift */ = {isa = PBXFileReference; lastKnownFileType = sourcecode.swift; path = WeatherDetail.swift; sourceTree = "<group>"; };
		9D7A22052AFF9DB9007966A0 /* Rain.swift */ = {isa = PBXFileReference; lastKnownFileType = sourcecode.swift; path = Rain.swift; sourceTree = "<group>"; };
		9D7A22072AFFA0DF007966A0 /* City.swift */ = {isa = PBXFileReference; lastKnownFileType = sourcecode.swift; path = City.swift; sourceTree = "<group>"; };
		9D7A220B2B020587007966A0 /* TodayView.swift */ = {isa = PBXFileReference; lastKnownFileType = sourcecode.swift; path = TodayView.swift; sourceTree = "<group>"; };
		9D7A220D2B021484007966A0 /* PageView.swift */ = {isa = PBXFileReference; lastKnownFileType = sourcecode.swift; path = PageView.swift; sourceTree = "<group>"; };
		9D7A220F2B021AC3007966A0 /* SecondPageView.swift */ = {isa = PBXFileReference; lastKnownFileType = sourcecode.swift; path = SecondPageView.swift; sourceTree = "<group>"; };
		9D7A22112B0223F0007966A0 /* TodayDetailCardView.swift */ = {isa = PBXFileReference; lastKnownFileType = sourcecode.swift; path = TodayDetailCardView.swift; sourceTree = "<group>"; };
		9D7A22132B023320007966A0 /* DayCardView.swift */ = {isa = PBXFileReference; lastKnownFileType = sourcecode.swift; path = DayCardView.swift; sourceTree = "<group>"; };
		9D7A22152B024285007966A0 /* SearchHistory.swift */ = {isa = PBXFileReference; lastKnownFileType = sourcecode.swift; path = SearchHistory.swift; sourceTree = "<group>"; };
/* End PBXFileReference section */

/* Begin PBXFrameworksBuildPhase section */
		9D7A219A2AFF356E007966A0 /* Frameworks */ = {
			isa = PBXFrameworksBuildPhase;
			buildActionMask = 2147483647;
			files = (
			);
			runOnlyForDeploymentPostprocessing = 0;
		};
		9D7A21AB2AFF3570007966A0 /* Frameworks */ = {
			isa = PBXFrameworksBuildPhase;
			buildActionMask = 2147483647;
			files = (
			);
			runOnlyForDeploymentPostprocessing = 0;
		};
/* End PBXFrameworksBuildPhase section */

/* Begin PBXGroup section */
		9D7A21942AFF356D007966A0 = {
			isa = PBXGroup;
			children = (
				9D1C614E2B027650007BB7C7 /* ReadMe.md */,
				9D7A219F2AFF356E007966A0 /* roomvu-challenge-task */,
				9D7A21B12AFF3570007966A0 /* roomvu-challenge-taskTests */,
				9D7A219E2AFF356E007966A0 /* Products */,
			);
			sourceTree = "<group>";
		};
		9D7A219E2AFF356E007966A0 /* Products */ = {
			isa = PBXGroup;
			children = (
				9D7A219D2AFF356E007966A0 /* roomvu-challenge-task.app */,
				9D7A21AE2AFF3570007966A0 /* roomvu-challenge-taskTests.xctest */,
			);
			name = Products;
			sourceTree = "<group>";
		};
		9D7A219F2AFF356E007966A0 /* roomvu-challenge-task */ = {
			isa = PBXGroup;
			children = (
				9D1C61392B026159007BB7C7 /* Info.plist */,
				9D7A21F62AFF74CD007966A0 /* API */,
				9D7A21DB2AFF396E007966A0 /* Views */,
				9D7A21A02AFF356E007966A0 /* roomvu_challenge_taskApp.swift */,
				9D7A21A62AFF356F007966A0 /* roomvu_challenge_task.entitlements */,
				9D7A21A42AFF356F007966A0 /* Assets.xcassets */,
				9D7A21CB2AFF373A007966A0 /* Models */,
				9D7A21D02AFF37AF007966A0 /* Networking */,
				9D7A21A72AFF356F007966A0 /* Preview Content */,
				9D7A21D52AFF3802007966A0 /* Utitilites */,
				9D7A21D82AFF386B007966A0 /* ViewModels */,
			);
			path = "roomvu-challenge-task";
			sourceTree = "<group>";
		};
		9D7A21A72AFF356F007966A0 /* Preview Content */ = {
			isa = PBXGroup;
			children = (
				9D7A21A82AFF356F007966A0 /* Preview Assets.xcassets */,
			);
			path = "Preview Content";
			sourceTree = "<group>";
		};
		9D7A21B12AFF3570007966A0 /* roomvu-challenge-taskTests */ = {
			isa = PBXGroup;
			children = (
				9D1C613C2B026F62007BB7C7 /* WeatherAPITests.swift */,
				9D1C613E2B026FA3007BB7C7 /* WeatherViewModelTests.swift */,
				9D1C61402B0270D9007BB7C7 /* ForecastAPITests.swift */,
				9D1C61422B0270F2007BB7C7 /* ForecastViewModelTests.swift */,
				9D1C61442B0271AC007BB7C7 /* GeocodingAPITests.swift */,
				9D1C61462B0271D3007BB7C7 /* LocationViewModelTests.swift */,
				9D1C61482B027267007BB7C7 /* WeatherResponseTests.swift */,
				9D1C614A2B027374007BB7C7 /* ForecastResponseTests.swift */,
				9D1C614C2B0273F4007BB7C7 /* GeocodedLocationTests.swift */,
			);
			path = "roomvu-challenge-taskTests";
			sourceTree = "<group>";
		};
		9D7A21CB2AFF373A007966A0 /* Models */ = {
			isa = PBXGroup;
			children = (
				9D7A22072AFFA0DF007966A0 /* City.swift */,
				9D7A21FF2AFF9C03007966A0 /* Clouds.swift */,
				9D7A21FD2AFF9BCB007966A0 /* Coord.swift */,
				9D7A21CE2AFF376C007966A0 /* Forecast.swift */,
				9D7A21EC2AFF4CA3007966A0 /* ForecastData.swift */,
				9D7A21EA2AFF4C7C007966A0 /* ForecastResponse.swift */,
				9D7A21F22AFF73A3007966A0 /* GeocodedLocation.swift */,
				9D7A21F02AFF72F7007966A0 /* Location.swift */,
				9D7A21E42AFF4C4A007966A0 /* Main.swift */,
				9D7A22052AFF9DB9007966A0 /* Rain.swift */,
				9D7A22012AFF9C14007966A0 /* Sys.swift */,
				9D7A21CC2AFF3761007966A0 /* Weather.swift */,
				9D7A21E62AFF4C60007966A0 /* WeatherData.swift */,
				9D7A22032AFF9CB6007966A0 /* WeatherDetail.swift */,
				9D7A21E22AFF4C1C007966A0 /* WeatherResponse.swift */,
				9D7A21E82AFF4C6D007966A0 /* Wind.swift */,
				9D1C61512B027EB6007BB7C7 /* GeocodeCity.swift */,
			);
			path = Models;
			sourceTree = "<group>";
		};
		9D7A21D02AFF37AF007966A0 /* Networking */ = {
			isa = PBXGroup;
			children = (
				9D7A21D12AFF37C8007966A0 /* WeatherAPI.swift */,
				9D7A21FB2AFF7E5E007966A0 /* ForecastAPI.swift */,
				9D7A21F42AFF743B007966A0 /* GeocodingAPI.swift */,
			);
			path = Networking;
			sourceTree = "<group>";
		};
		9D7A21D52AFF3802007966A0 /* Utitilites */ = {
			isa = PBXGroup;
			children = (
				9D7A22152B024285007966A0 /* SearchHistory.swift */,
				9D1C613A2B0264B0007BB7C7 /* IdentifiableError.swift */,
			);
			path = Utitilites;
			sourceTree = "<group>";
		};
		9D7A21D82AFF386B007966A0 /* ViewModels */ = {
			isa = PBXGroup;
			children = (
				9D7A21D92AFF3884007966A0 /* WeatherViewModel.swift */,
				9D7A21E02AFF3AB3007966A0 /* ForecastViewModel.swift */,
				9D7A21EE2AFF72E9007966A0 /* LocationViewModel.swift */,
				9D1C614F2B027E88007BB7C7 /* GeocodeCitySearchViewModel.swift */,
			);
			path = ViewModels;
			sourceTree = "<group>";
		};
		9D7A21DB2AFF396E007966A0 /* Views */ = {
			isa = PBXGroup;
			children = (
				9D7A21F92AFF7BF4007966A0 /* ContentView.swift */,
				9D7A220B2B020587007966A0 /* TodayView.swift */,
				9D1C61372B02566A007BB7C7 /* TodayEveryThreeHoursView.swift */,
				9D7A21DC2AFF397F007966A0 /* WeatherView.swift */,
				9D7A21DE2AFF3993007966A0 /* ForecastRow.swift */,
				9D7A220D2B021484007966A0 /* PageView.swift */,
				9D7A220F2B021AC3007966A0 /* SecondPageView.swift */,
				9D1C61352B02530F007BB7C7 /* Next5DaysView.swift */,
				9D1C61332B0251EB007BB7C7 /* TodayDetailsCardView.swift */,
				9D7A22112B0223F0007966A0 /* TodayDetailCardView.swift */,
				9D7A22132B023320007966A0 /* DayCardView.swift */,
			);
			path = Views;
			sourceTree = "<group>";
		};
		9D7A21F62AFF74CD007966A0 /* API */ = {
			isa = PBXGroup;
			children = (
				9D7A21F72AFF74E2007966A0 /* API.swift */,
			);
			path = API;
			sourceTree = "<group>";
		};
/* End PBXGroup section */

/* Begin PBXNativeTarget section */
		9D7A219C2AFF356E007966A0 /* roomvu-challenge-task */ = {
			isa = PBXNativeTarget;
			buildConfigurationList = 9D7A21C22AFF3570007966A0 /* Build configuration list for PBXNativeTarget "roomvu-challenge-task" */;
			buildPhases = (
				9D7A21992AFF356E007966A0 /* Sources */,
				9D7A219A2AFF356E007966A0 /* Frameworks */,
				9D7A219B2AFF356E007966A0 /* Resources */,
			);
			buildRules = (
			);
			dependencies = (
			);
			name = "roomvu-challenge-task";
			productName = "roomvu-challenge-task";
			productReference = 9D7A219D2AFF356E007966A0 /* roomvu-challenge-task.app */;
			productType = "com.apple.product-type.application";
		};
		9D7A21AD2AFF3570007966A0 /* roomvu-challenge-taskTests */ = {
			isa = PBXNativeTarget;
			buildConfigurationList = 9D7A21C52AFF3570007966A0 /* Build configuration list for PBXNativeTarget "roomvu-challenge-taskTests" */;
			buildPhases = (
				9D7A21AA2AFF3570007966A0 /* Sources */,
				9D7A21AB2AFF3570007966A0 /* Frameworks */,
				9D7A21AC2AFF3570007966A0 /* Resources */,
			);
			buildRules = (
			);
			dependencies = (
				9D7A21B02AFF3570007966A0 /* PBXTargetDependency */,
			);
			name = "roomvu-challenge-taskTests";
			productName = "roomvu-challenge-taskTests";
			productReference = 9D7A21AE2AFF3570007966A0 /* roomvu-challenge-taskTests.xctest */;
			productType = "com.apple.product-type.bundle.unit-test";
		};
/* End PBXNativeTarget section */

/* Begin PBXProject section */
		9D7A21952AFF356D007966A0 /* Project object */ = {
			isa = PBXProject;
			attributes = {
				BuildIndependentTargetsInParallel = 1;
				LastSwiftUpdateCheck = 1500;
				LastUpgradeCheck = 1500;
				TargetAttributes = {
					9D7A219C2AFF356E007966A0 = {
						CreatedOnToolsVersion = 15.0.1;
					};
					9D7A21AD2AFF3570007966A0 = {
						CreatedOnToolsVersion = 15.0.1;
						TestTargetID = 9D7A219C2AFF356E007966A0;
					};
				};
			};
			buildConfigurationList = 9D7A21982AFF356D007966A0 /* Build configuration list for PBXProject "roomvu-challenge-task" */;
			compatibilityVersion = "Xcode 14.0";
			developmentRegion = en;
			hasScannedForEncodings = 0;
			knownRegions = (
				en,
				Base,
			);
			mainGroup = 9D7A21942AFF356D007966A0;
			productRefGroup = 9D7A219E2AFF356E007966A0 /* Products */;
			projectDirPath = "";
			projectRoot = "";
			targets = (
				9D7A219C2AFF356E007966A0 /* roomvu-challenge-task */,
				9D7A21AD2AFF3570007966A0 /* roomvu-challenge-taskTests */,
			);
		};
/* End PBXProject section */

/* Begin PBXResourcesBuildPhase section */
		9D7A219B2AFF356E007966A0 /* Resources */ = {
			isa = PBXResourcesBuildPhase;
			buildActionMask = 2147483647;
			files = (
				9D7A21A92AFF356F007966A0 /* Preview Assets.xcassets in Resources */,
				9D7A21A52AFF356F007966A0 /* Assets.xcassets in Resources */,
			);
			runOnlyForDeploymentPostprocessing = 0;
		};
		9D7A21AC2AFF3570007966A0 /* Resources */ = {
			isa = PBXResourcesBuildPhase;
			buildActionMask = 2147483647;
			files = (
			);
			runOnlyForDeploymentPostprocessing = 0;
		};
/* End PBXResourcesBuildPhase section */

/* Begin PBXSourcesBuildPhase section */
		9D7A21992AFF356E007966A0 /* Sources */ = {
			isa = PBXSourcesBuildPhase;
			buildActionMask = 2147483647;
			files = (
				9D7A21DF2AFF3993007966A0 /* ForecastRow.swift in Sources */,
				9D7A21E72AFF4C60007966A0 /* WeatherData.swift in Sources */,
				9D1C61522B027EB6007BB7C7 /* GeocodeCity.swift in Sources */,
				9D7A21FA2AFF7BF4007966A0 /* ContentView.swift in Sources */,
				9D7A21CF2AFF376C007966A0 /* Forecast.swift in Sources */,
				9D7A21F32AFF73A3007966A0 /* GeocodedLocation.swift in Sources */,
				9D7A21ED2AFF4CA3007966A0 /* ForecastData.swift in Sources */,
				9D7A22082AFFA0DF007966A0 /* City.swift in Sources */,
				9D7A21E52AFF4C4A007966A0 /* Main.swift in Sources */,
				9D7A21EF2AFF72E9007966A0 /* LocationViewModel.swift in Sources */,
				9D1C61342B0251EB007BB7C7 /* TodayDetailsCardView.swift in Sources */,
				9D7A22002AFF9C03007966A0 /* Clouds.swift in Sources */,
				9D7A22142B023320007966A0 /* DayCardView.swift in Sources */,
				9D7A21D22AFF37C8007966A0 /* WeatherAPI.swift in Sources */,
				9D7A22042AFF9CB6007966A0 /* WeatherDetail.swift in Sources */,
				9D1C61502B027E88007BB7C7 /* GeocodeCitySearchViewModel.swift in Sources */,
				9D7A21E12AFF3AB3007966A0 /* ForecastViewModel.swift in Sources */,
				9D7A21E32AFF4C1C007966A0 /* WeatherResponse.swift in Sources */,
				9D7A22162B024285007966A0 /* SearchHistory.swift in Sources */,
				9D7A21DA2AFF3884007966A0 /* WeatherViewModel.swift in Sources */,
				9D7A22102B021AC3007966A0 /* SecondPageView.swift in Sources */,
				9D7A21F82AFF74E2007966A0 /* API.swift in Sources */,
				9D7A21E92AFF4C6D007966A0 /* Wind.swift in Sources */,
				9D1C61362B02530F007BB7C7 /* Next5DaysView.swift in Sources */,
				9D7A21FC2AFF7E5E007966A0 /* ForecastAPI.swift in Sources */,
				9D7A220C2B020587007966A0 /* TodayView.swift in Sources */,
				9D7A21F12AFF72F7007966A0 /* Location.swift in Sources */,
				9D7A21DD2AFF397F007966A0 /* WeatherView.swift in Sources */,
				9D7A21FE2AFF9BCB007966A0 /* Coord.swift in Sources */,
				9D7A22022AFF9C14007966A0 /* Sys.swift in Sources */,
				9D7A21CD2AFF3761007966A0 /* Weather.swift in Sources */,
				9D1C613B2B0264B0007BB7C7 /* IdentifiableError.swift in Sources */,
				9D7A220E2B021484007966A0 /* PageView.swift in Sources */,
				9D7A21EB2AFF4C7C007966A0 /* ForecastResponse.swift in Sources */,
				9D7A22062AFF9DB9007966A0 /* Rain.swift in Sources */,
				9D7A22122B0223F0007966A0 /* TodayDetailCardView.swift in Sources */,
				9D1C61382B02566A007BB7C7 /* TodayEveryThreeHoursView.swift in Sources */,
				9D7A21F52AFF743B007966A0 /* GeocodingAPI.swift in Sources */,
				9D7A21A12AFF356E007966A0 /* roomvu_challenge_taskApp.swift in Sources */,
			);
			runOnlyForDeploymentPostprocessing = 0;
		};
		9D7A21AA2AFF3570007966A0 /* Sources */ = {
			isa = PBXSourcesBuildPhase;
			buildActionMask = 2147483647;
			files = (
				9D1C61412B0270D9007BB7C7 /* ForecastAPITests.swift in Sources */,
				9D1C61432B0270F2007BB7C7 /* ForecastViewModelTests.swift in Sources */,
				9D1C61492B027267007BB7C7 /* WeatherResponseTests.swift in Sources */,
				9D1C614D2B0273F4007BB7C7 /* GeocodedLocationTests.swift in Sources */,
				9D1C613D2B026F62007BB7C7 /* WeatherAPITests.swift in Sources */,
				9D1C61472B0271D3007BB7C7 /* LocationViewModelTests.swift in Sources */,
				9D1C61452B0271AC007BB7C7 /* GeocodingAPITests.swift in Sources */,
				9D1C613F2B026FA3007BB7C7 /* WeatherViewModelTests.swift in Sources */,
				9D1C614B2B027374007BB7C7 /* ForecastResponseTests.swift in Sources */,
			);
			runOnlyForDeploymentPostprocessing = 0;
		};
/* End PBXSourcesBuildPhase section */

/* Begin PBXTargetDependency section */
		9D7A21B02AFF3570007966A0 /* PBXTargetDependency */ = {
			isa = PBXTargetDependency;
			target = 9D7A219C2AFF356E007966A0 /* roomvu-challenge-task */;
			targetProxy = 9D7A21AF2AFF3570007966A0 /* PBXContainerItemProxy */;
		};
/* End PBXTargetDependency section */

/* Begin XCBuildConfiguration section */
		9D7A21C02AFF3570007966A0 /* Debug */ = {
			isa = XCBuildConfiguration;
			buildSettings = {
				ALWAYS_SEARCH_USER_PATHS = NO;
				ASSETCATALOG_COMPILER_GENERATE_SWIFT_ASSET_SYMBOL_EXTENSIONS = YES;
				CLANG_ANALYZER_NONNULL = YES;
				CLANG_ANALYZER_NUMBER_OBJECT_CONVERSION = YES_AGGRESSIVE;
				CLANG_CXX_LANGUAGE_STANDARD = "gnu++20";
				CLANG_ENABLE_MODULES = YES;
				CLANG_ENABLE_OBJC_ARC = YES;
				CLANG_ENABLE_OBJC_WEAK = YES;
				CLANG_WARN_BLOCK_CAPTURE_AUTORELEASING = YES;
				CLANG_WARN_BOOL_CONVERSION = YES;
				CLANG_WARN_COMMA = YES;
				CLANG_WARN_CONSTANT_CONVERSION = YES;
				CLANG_WARN_DEPRECATED_OBJC_IMPLEMENTATIONS = YES;
				CLANG_WARN_DIRECT_OBJC_ISA_USAGE = YES_ERROR;
				CLANG_WARN_DOCUMENTATION_COMMENTS = YES;
				CLANG_WARN_EMPTY_BODY = YES;
				CLANG_WARN_ENUM_CONVERSION = YES;
				CLANG_WARN_INFINITE_RECURSION = YES;
				CLANG_WARN_INT_CONVERSION = YES;
				CLANG_WARN_NON_LITERAL_NULL_CONVERSION = YES;
				CLANG_WARN_OBJC_IMPLICIT_RETAIN_SELF = YES;
				CLANG_WARN_OBJC_LITERAL_CONVERSION = YES;
				CLANG_WARN_OBJC_ROOT_CLASS = YES_ERROR;
				CLANG_WARN_QUOTED_INCLUDE_IN_FRAMEWORK_HEADER = YES;
				CLANG_WARN_RANGE_LOOP_ANALYSIS = YES;
				CLANG_WARN_STRICT_PROTOTYPES = YES;
				CLANG_WARN_SUSPICIOUS_MOVE = YES;
				CLANG_WARN_UNGUARDED_AVAILABILITY = YES_AGGRESSIVE;
				CLANG_WARN_UNREACHABLE_CODE = YES;
				CLANG_WARN__DUPLICATE_METHOD_MATCH = YES;
				COPY_PHASE_STRIP = NO;
				DEBUG_INFORMATION_FORMAT = dwarf;
				ENABLE_STRICT_OBJC_MSGSEND = YES;
				ENABLE_TESTABILITY = YES;
				ENABLE_USER_SCRIPT_SANDBOXING = YES;
				GCC_C_LANGUAGE_STANDARD = gnu17;
				GCC_DYNAMIC_NO_PIC = NO;
				GCC_NO_COMMON_BLOCKS = YES;
				GCC_OPTIMIZATION_LEVEL = 0;
				GCC_PREPROCESSOR_DEFINITIONS = (
					"DEBUG=1",
					"$(inherited)",
				);
				GCC_WARN_64_TO_32_BIT_CONVERSION = YES;
				GCC_WARN_ABOUT_RETURN_TYPE = YES_ERROR;
				GCC_WARN_UNDECLARED_SELECTOR = YES;
				GCC_WARN_UNINITIALIZED_AUTOS = YES_AGGRESSIVE;
				GCC_WARN_UNUSED_FUNCTION = YES;
				GCC_WARN_UNUSED_VARIABLE = YES;
				LOCALIZATION_PREFERS_STRING_CATALOGS = YES;
				MTL_ENABLE_DEBUG_INFO = INCLUDE_SOURCE;
				MTL_FAST_MATH = YES;
				ONLY_ACTIVE_ARCH = YES;
				SWIFT_ACTIVE_COMPILATION_CONDITIONS = "DEBUG $(inherited)";
				SWIFT_OPTIMIZATION_LEVEL = "-Onone";
			};
			name = Debug;
		};
		9D7A21C12AFF3570007966A0 /* Release */ = {
			isa = XCBuildConfiguration;
			buildSettings = {
				ALWAYS_SEARCH_USER_PATHS = NO;
				ASSETCATALOG_COMPILER_GENERATE_SWIFT_ASSET_SYMBOL_EXTENSIONS = YES;
				CLANG_ANALYZER_NONNULL = YES;
				CLANG_ANALYZER_NUMBER_OBJECT_CONVERSION = YES_AGGRESSIVE;
				CLANG_CXX_LANGUAGE_STANDARD = "gnu++20";
				CLANG_ENABLE_MODULES = YES;
				CLANG_ENABLE_OBJC_ARC = YES;
				CLANG_ENABLE_OBJC_WEAK = YES;
				CLANG_WARN_BLOCK_CAPTURE_AUTORELEASING = YES;
				CLANG_WARN_BOOL_CONVERSION = YES;
				CLANG_WARN_COMMA = YES;
				CLANG_WARN_CONSTANT_CONVERSION = YES;
				CLANG_WARN_DEPRECATED_OBJC_IMPLEMENTATIONS = YES;
				CLANG_WARN_DIRECT_OBJC_ISA_USAGE = YES_ERROR;
				CLANG_WARN_DOCUMENTATION_COMMENTS = YES;
				CLANG_WARN_EMPTY_BODY = YES;
				CLANG_WARN_ENUM_CONVERSION = YES;
				CLANG_WARN_INFINITE_RECURSION = YES;
				CLANG_WARN_INT_CONVERSION = YES;
				CLANG_WARN_NON_LITERAL_NULL_CONVERSION = YES;
				CLANG_WARN_OBJC_IMPLICIT_RETAIN_SELF = YES;
				CLANG_WARN_OBJC_LITERAL_CONVERSION = YES;
				CLANG_WARN_OBJC_ROOT_CLASS = YES_ERROR;
				CLANG_WARN_QUOTED_INCLUDE_IN_FRAMEWORK_HEADER = YES;
				CLANG_WARN_RANGE_LOOP_ANALYSIS = YES;
				CLANG_WARN_STRICT_PROTOTYPES = YES;
				CLANG_WARN_SUSPICIOUS_MOVE = YES;
				CLANG_WARN_UNGUARDED_AVAILABILITY = YES_AGGRESSIVE;
				CLANG_WARN_UNREACHABLE_CODE = YES;
				CLANG_WARN__DUPLICATE_METHOD_MATCH = YES;
				COPY_PHASE_STRIP = NO;
				DEBUG_INFORMATION_FORMAT = "dwarf-with-dsym";
				ENABLE_NS_ASSERTIONS = NO;
				ENABLE_STRICT_OBJC_MSGSEND = YES;
				ENABLE_USER_SCRIPT_SANDBOXING = YES;
				GCC_C_LANGUAGE_STANDARD = gnu17;
				GCC_NO_COMMON_BLOCKS = YES;
				GCC_WARN_64_TO_32_BIT_CONVERSION = YES;
				GCC_WARN_ABOUT_RETURN_TYPE = YES_ERROR;
				GCC_WARN_UNDECLARED_SELECTOR = YES;
				GCC_WARN_UNINITIALIZED_AUTOS = YES_AGGRESSIVE;
				GCC_WARN_UNUSED_FUNCTION = YES;
				GCC_WARN_UNUSED_VARIABLE = YES;
				LOCALIZATION_PREFERS_STRING_CATALOGS = YES;
				MTL_ENABLE_DEBUG_INFO = NO;
				MTL_FAST_MATH = YES;
				SWIFT_COMPILATION_MODE = wholemodule;
			};
			name = Release;
		};
		9D7A21C32AFF3570007966A0 /* Debug */ = {
			isa = XCBuildConfiguration;
			buildSettings = {
				ASSETCATALOG_COMPILER_APPICON_NAME = AppIcon;
				ASSETCATALOG_COMPILER_GLOBAL_ACCENT_COLOR_NAME = AccentColor;
				CODE_SIGN_ENTITLEMENTS = "roomvu-challenge-task/roomvu_challenge_task.entitlements";
				CODE_SIGN_STYLE = Automatic;
				CURRENT_PROJECT_VERSION = 1;
				DEVELOPMENT_ASSET_PATHS = "\"roomvu-challenge-task/Preview Content\"";
				DEVELOPMENT_TEAM = KXXKG35M4P;
				ENABLE_PREVIEWS = YES;
				GENERATE_INFOPLIST_FILE = YES;
				INFOPLIST_FILE = "roomvu-challenge-task/Info.plist";
				INFOPLIST_KEY_CFBundleDisplayName = "MSP Weather Forecast";
				INFOPLIST_KEY_LSApplicationCategoryType = "public.app-category.weather";
				"INFOPLIST_KEY_UIApplicationSceneManifest_Generation[sdk=iphoneos*]" = YES;
				"INFOPLIST_KEY_UIApplicationSceneManifest_Generation[sdk=iphonesimulator*]" = YES;
				"INFOPLIST_KEY_UIApplicationSupportsIndirectInputEvents[sdk=iphoneos*]" = YES;
				"INFOPLIST_KEY_UIApplicationSupportsIndirectInputEvents[sdk=iphonesimulator*]" = YES;
				"INFOPLIST_KEY_UILaunchScreen_Generation[sdk=iphoneos*]" = YES;
				"INFOPLIST_KEY_UILaunchScreen_Generation[sdk=iphonesimulator*]" = YES;
				"INFOPLIST_KEY_UIStatusBarStyle[sdk=iphoneos*]" = UIStatusBarStyleDefault;
				"INFOPLIST_KEY_UIStatusBarStyle[sdk=iphonesimulator*]" = UIStatusBarStyleDefault;
				INFOPLIST_KEY_UISupportedInterfaceOrientations = UIInterfaceOrientationPortrait;
				INFOPLIST_KEY_UIUserInterfaceStyle = Light;
				IPHONEOS_DEPLOYMENT_TARGET = 17.0;
				LD_RUNPATH_SEARCH_PATHS = "@executable_path/Frameworks";
				"LD_RUNPATH_SEARCH_PATHS[sdk=macosx*]" = "@executable_path/../Frameworks";
				MACOSX_DEPLOYMENT_TARGET = 14.0;
				MARKETING_VERSION = 1.0;
				PRODUCT_BUNDLE_IDENTIFIER = "com.mspanadgoo.roomvu-challenge-task";
				PRODUCT_NAME = "$(TARGET_NAME)";
				SDKROOT = auto;
				SUPPORTED_PLATFORMS = "iphoneos iphonesimulator";
				SUPPORTS_MACCATALYST = NO;
				SWIFT_EMIT_LOC_STRINGS = YES;
				SWIFT_VERSION = 5.0;
				TARGETED_DEVICE_FAMILY = 1;
			};
			name = Debug;
		};
		9D7A21C42AFF3570007966A0 /* Release */ = {
			isa = XCBuildConfiguration;
			buildSettings = {
				ASSETCATALOG_COMPILER_APPICON_NAME = AppIcon;
				ASSETCATALOG_COMPILER_GLOBAL_ACCENT_COLOR_NAME = AccentColor;
				CODE_SIGN_ENTITLEMENTS = "roomvu-challenge-task/roomvu_challenge_task.entitlements";
				CODE_SIGN_STYLE = Automatic;
				CURRENT_PROJECT_VERSION = 1;
				DEVELOPMENT_ASSET_PATHS = "\"roomvu-challenge-task/Preview Content\"";
				DEVELOPMENT_TEAM = KXXKG35M4P;
				ENABLE_PREVIEWS = YES;
				GENERATE_INFOPLIST_FILE = YES;
				INFOPLIST_FILE = "roomvu-challenge-task/Info.plist";
				INFOPLIST_KEY_CFBundleDisplayName = "MSP Weather Forecast";
				INFOPLIST_KEY_LSApplicationCategoryType = "public.app-category.weather";
				"INFOPLIST_KEY_UIApplicationSceneManifest_Generation[sdk=iphoneos*]" = YES;
				"INFOPLIST_KEY_UIApplicationSceneManifest_Generation[sdk=iphonesimulator*]" = YES;
				"INFOPLIST_KEY_UIApplicationSupportsIndirectInputEvents[sdk=iphoneos*]" = YES;
				"INFOPLIST_KEY_UIApplicationSupportsIndirectInputEvents[sdk=iphonesimulator*]" = YES;
				"INFOPLIST_KEY_UILaunchScreen_Generation[sdk=iphoneos*]" = YES;
				"INFOPLIST_KEY_UILaunchScreen_Generation[sdk=iphonesimulator*]" = YES;
				"INFOPLIST_KEY_UIStatusBarStyle[sdk=iphoneos*]" = UIStatusBarStyleDefault;
				"INFOPLIST_KEY_UIStatusBarStyle[sdk=iphonesimulator*]" = UIStatusBarStyleDefault;
				INFOPLIST_KEY_UISupportedInterfaceOrientations = UIInterfaceOrientationPortrait;
				INFOPLIST_KEY_UIUserInterfaceStyle = Light;
				IPHONEOS_DEPLOYMENT_TARGET = 17.0;
				LD_RUNPATH_SEARCH_PATHS = "@executable_path/Frameworks";
				"LD_RUNPATH_SEARCH_PATHS[sdk=macosx*]" = "@executable_path/../Frameworks";
				MACOSX_DEPLOYMENT_TARGET = 14.0;
				MARKETING_VERSION = 1.0;
				PRODUCT_BUNDLE_IDENTIFIER = "com.mspanadgoo.roomvu-challenge-task";
				PRODUCT_NAME = "$(TARGET_NAME)";
				SDKROOT = auto;
				SUPPORTED_PLATFORMS = "iphoneos iphonesimulator";
				SUPPORTS_MACCATALYST = NO;
				SWIFT_EMIT_LOC_STRINGS = YES;
				SWIFT_VERSION = 5.0;
				TARGETED_DEVICE_FAMILY = 1;
			};
			name = Release;
		};
		9D7A21C62AFF3570007966A0 /* Debug */ = {
			isa = XCBuildConfiguration;
			buildSettings = {
				ALWAYS_EMBED_SWIFT_STANDARD_LIBRARIES = YES;
				BUNDLE_LOADER = "$(TEST_HOST)";
				CODE_SIGN_STYLE = Automatic;
				CURRENT_PROJECT_VERSION = 1;
				GENERATE_INFOPLIST_FILE = YES;
				IPHONEOS_DEPLOYMENT_TARGET = 17.0;
				MACOSX_DEPLOYMENT_TARGET = 14.0;
				MARKETING_VERSION = 1.0;
				PRODUCT_BUNDLE_IDENTIFIER = "com.mspanadgoo.roomvu-challenge-taskTests";
				PRODUCT_NAME = "$(TARGET_NAME)";
				SDKROOT = auto;
				SUPPORTED_PLATFORMS = "iphoneos iphonesimulator macosx";
				SWIFT_EMIT_LOC_STRINGS = NO;
				SWIFT_VERSION = 5.0;
				TARGETED_DEVICE_FAMILY = "1,2";
				TEST_HOST = "$(BUILT_PRODUCTS_DIR)/roomvu-challenge-task.app/$(BUNDLE_EXECUTABLE_FOLDER_PATH)/roomvu-challenge-task";
			};
			name = Debug;
		};
		9D7A21C72AFF3570007966A0 /* Release */ = {
			isa = XCBuildConfiguration;
			buildSettings = {
				ALWAYS_EMBED_SWIFT_STANDARD_LIBRARIES = YES;
				BUNDLE_LOADER = "$(TEST_HOST)";
				CODE_SIGN_STYLE = Automatic;
				CURRENT_PROJECT_VERSION = 1;
				GENERATE_INFOPLIST_FILE = YES;
				IPHONEOS_DEPLOYMENT_TARGET = 17.0;
				MACOSX_DEPLOYMENT_TARGET = 14.0;
				MARKETING_VERSION = 1.0;
				PRODUCT_BUNDLE_IDENTIFIER = "com.mspanadgoo.roomvu-challenge-taskTests";
				PRODUCT_NAME = "$(TARGET_NAME)";
				SDKROOT = auto;
				SUPPORTED_PLATFORMS = "iphoneos iphonesimulator macosx";
				SWIFT_EMIT_LOC_STRINGS = NO;
				SWIFT_VERSION = 5.0;
				TARGETED_DEVICE_FAMILY = "1,2";
				TEST_HOST = "$(BUILT_PRODUCTS_DIR)/roomvu-challenge-task.app/$(BUNDLE_EXECUTABLE_FOLDER_PATH)/roomvu-challenge-task";
			};
			name = Release;
		};
/* End XCBuildConfiguration section */

/* Begin XCConfigurationList section */
		9D7A21982AFF356D007966A0 /* Build configuration list for PBXProject "roomvu-challenge-task" */ = {
			isa = XCConfigurationList;
			buildConfigurations = (
				9D7A21C02AFF3570007966A0 /* Debug */,
				9D7A21C12AFF3570007966A0 /* Release */,
			);
			defaultConfigurationIsVisible = 0;
			defaultConfigurationName = Release;
		};
		9D7A21C22AFF3570007966A0 /* Build configuration list for PBXNativeTarget "roomvu-challenge-task" */ = {
			isa = XCConfigurationList;
			buildConfigurations = (
				9D7A21C32AFF3570007966A0 /* Debug */,
				9D7A21C42AFF3570007966A0 /* Release */,
			);
			defaultConfigurationIsVisible = 0;
			defaultConfigurationName = Release;
		};
		9D7A21C52AFF3570007966A0 /* Build configuration list for PBXNativeTarget "roomvu-challenge-taskTests" */ = {
			isa = XCConfigurationList;
			buildConfigurations = (
				9D7A21C62AFF3570007966A0 /* Debug */,
				9D7A21C72AFF3570007966A0 /* Release */,
			);
			defaultConfigurationIsVisible = 0;
			defaultConfigurationName = Release;
		};
/* End XCConfigurationList section */
	};
	rootObject = 9D7A21952AFF356D007966A0 /* Project object */;
}
